
Microsoft Visual Studio Solution File, Format Version 12.00
# Visual Studio Version 17
VisualStudioVersion = 17.14.36811.4 d17.14
MinimumVisualStudioVersion = 10.0.40219.1
Project("{FAE04EC0-301F-11D3-BF4B-00C04F79EFBC}") = "TaskApi", "TaskApi\TaskApi.csproj", "{919C07D8-4C0E-4581-B1A7-19765D2074DA}"
EndProject
Global
	GlobalSection(SolutionConfigurationPlatforms) = preSolution
		Debug|Any CPU = Debug|Any CPU
		Release|Any CPU = Release|Any CPU
	EndGlobalSection
	GlobalSection(ProjectConfigurationPlatforms) = postSolution
		{919C07D8-4C0E-4581-B1A7-19765D2074DA}.Debug|Any CPU.ActiveCfg = Debug|Any CPU
		{919C07D8-4C0E-4581-B1A7-19765D2074DA}.Debug|Any CPU.Build.0 = Debug|Any CPU
		{919C07D8-4C0E-4581-B1A7-19765D2074DA}.Release|Any CPU.ActiveCfg = Release|Any CPU
		{919C07D8-4C0E-4581-B1A7-19765D2074DA}.Release|Any CPU.Build.0 = Release|Any CPU
	EndGlobalSection
	GlobalSection(SolutionProperties) = preSolution
		HideSolutionNode = FALSE
	EndGlobalSection
	GlobalSection(ExtensibilityGlobals) = postSolution
		SolutionGuid = {61E2D564-385F-4435-8547-0BD548F3C953}
	EndGlobalSection
EndGlobal
